# THIS IS AN AUTOGENERATED FILE. DO NOT EDIT THIS FILE DIRECTLY.
# yarn lockfile v1


"@types/node@^10.12.21":
  version "10.12.21"
  resolved "https://registry.yarnpkg.com/@types/node/-/node-10.12.21.tgz#7e8a0c34cf29f4e17a36e9bd0ea72d45ba03908e"
  integrity sha512-CBgLNk4o3XMnqMc0rhb6lc77IwShMEglz05deDcn2lQxyXEZivfwgYJu7SMha9V5XcrP6qZuevTHV/QrN2vjKQ==

typescript@^3.3.1:
  version "3.3.1"
  resolved "https://registry.yarnpkg.com/typescript/-/typescript-3.3.1.tgz#6de14e1db4b8a006ac535e482c8ba018c55f750b"
  integrity sha512-cTmIDFW7O0IHbn1DPYjkiebHxwtCMU+eTy30ZtJNBPF9j2O1ITu5XH2YnBeVRKWHqF+3JQwWJv0Q0aUgX8W7IA==
